Microsoft Visual Studio Solution File, Format Version 12.00
# Visual Studio Version 17
VisualStudioVersion = 17.5.2.0
MinimumVisualStudioVersion = 10.0.40219.1
Project("{FAE04EC0-301F-11D3-BF4B-00C04F79EFBC}") = "WebAppComponents", "WebAppComponents.csproj", "{241498A2-DF3A-FA51-24BD-D6CC9291A878}"
EndProject
Global
	GlobalSection(SolutionConfigurationPlatforms) = preSolution
		Debug|Any CPU = Debug|Any CPU
		Release|Any CPU = Release|Any CPU
	EndGlobalSection
	GlobalSection(ProjectConfigurationPlatforms) = postSolution
		{241498A2-DF3A-FA51-24BD-D6CC9291A878}.Debug|Any CPU.ActiveCfg = Debug|Any CPU
		{241498A2-DF3A-FA51-24BD-D6CC9291A878}.Debug|Any CPU.Build.0 = Debug|Any CPU
		{241498A2-DF3A-FA51-24BD-D6CC9291A878}.Release|Any CPU.ActiveCfg = Release|Any CPU
		{241498A2-DF3A-FA51-24BD-D6CC9291A878}.Release|Any CPU.Build.0 = Release|Any CPU
	EndGlobalSection
	GlobalSection(SolutionProperties) = preSolution
		HideSolutionNode = FALSE
	EndGlobalSection
	GlobalSection(ExtensibilityGlobals) = postSolution
		SolutionGuid = {7630AEEA-0E95-45E1-8D51-1D77758DE535}
	EndGlobalSection
EndGlobal
